Microsoft Visual Studio Solution File, Format Version 12.00
# Visual Studio Version 17
VisualStudioVersion = 17.5.2.0
MinimumVisualStudioVersion = 10.0.40219.1
Project("{FAE04EC0-301F-11D3-BF4B-00C04F79EFBC}") = "DeepseekOcrExperiments", "DeepseekOcrExperiments.csproj", "{EE1A874F-0D15-EBBD-BAFB-C1E1973BED8F}"
EndProject
Global
	GlobalSection(SolutionConfigurationPlatforms) = preSolution
		Debug|Any CPU = Debug|Any CPU
		Release|Any CPU = Release|Any CPU
	EndGlobalSection
	GlobalSection(ProjectConfigurationPlatforms) = postSolution
		{EE1A874F-0D15-EBBD-BAFB-C1E1973BED8F}.Debug|Any CPU.ActiveCfg = Debug|Any CPU
		{EE1A874F-0D15-EBBD-BAFB-C1E1973BED8F}.Debug|Any CPU.Build.0 = Debug|Any CPU
		{EE1A874F-0D15-EBBD-BAFB-C1E1973BED8F}.Release|Any CPU.ActiveCfg = Release|Any CPU
		{EE1A874F-0D15-EBBD-BAFB-C1E1973BED8F}.Release|Any CPU.Build.0 = Release|Any CPU
	EndGlobalSection
	GlobalSection(SolutionProperties) = preSolution
		HideSolutionNode = FALSE
	EndGlobalSection
	GlobalSection(ExtensibilityGlobals) = postSolution
		SolutionGuid = {BDFC6EFB-71A2-42BE-B452-E3631688899E}
	EndGlobalSection
EndGlobal
